
Microsoft Visual Studio Solution File, Format Version 12.00
# Visual Studio 14
VisualStudioVersion = 14.0.24720.0
MinimumVisualStudioVersion = 10.0.40219.1
Project("{FAE04EC0-301F-11D3-BF4B-00C04F79EFBC}") = "CPU-OS Simulator", "CPU-OS Simulator\CPU-OS Simulator.csproj", "{C2EFCEE0-984E-4C61-B323-65AADD76F783}"
EndProject
Project("{FAE04EC0-301F-11D3-BF4B-00C04F79EFBC}") = "CPU", "CPU\CPU.csproj", "{6EBCF9CD-C6A9-4535-9154-2FC7E303BFC4}"
EndProject
Project("{FAE04EC0-301F-11D3-BF4B-00C04F79EFBC}") = "Memory", "Memory\Memory.csproj", "{2FBA6A60-9499-4C9E-8B43-ABB459A9C0B6}"
EndProject
Project("{FAE04EC0-301F-11D3-BF4B-00C04F79EFBC}") = "WindowBridge", "WindowBridge\WindowBridge.csproj", "{D364AA4C-54CE-4BD3-AD4D-8790DEB58D2F}"
EndProject
Project("{FAE04EC0-301F-11D3-BF4B-00C04F79EFBC}") = "CPU-OS SimulatorTests", "CPU-OS SimulatorTests\CPU-OS SimulatorTests.csproj", "{9909381C-3C93-4A70-9932-36E3FFA3708B}"
EndProject
Project("{FAE04EC0-301F-11D3-BF4B-00C04F79EFBC}") = "CPUTests", "CPUTests\CPUTests.csproj", "{061896D5-B674-4FE8-9970-542A108CA392}"
EndProject
Project("{FAE04EC0-301F-11D3-BF4B-00C04F79EFBC}") = "MemoryTests", "MemoryTests\MemoryTests.csproj", "{27E6D686-6A07-4540-80C5-3608E3C44488}"
EndProject
Project("{FAE04EC0-301F-11D3-BF4B-00C04F79EFBC}") = "Compiler", "Compiler\Compiler.csproj", "{9E04D3E8-9832-4B4D-98FF-52583C0365AC}"
EndProject
Project("{FAE04EC0-301F-11D3-BF4B-00C04F79EFBC}") = "Console", "Console\Console.csproj", "{165E3BF3-6BBC-4B78-98E4-21DEDDE2D426}"
EndProject
Project("{FAE04EC0-301F-11D3-BF4B-00C04F79EFBC}") = "CompilerTester", "CompilerTester\CompilerTester.csproj", "{B7C81F7F-BFF5-46C8-9196-F7D6D2209CC8}"
EndProject
Project("{FAE04EC0-301F-11D3-BF4B-00C04F79EFBC}") = "Operating System", "Operating System\Operating System.csproj", "{33BA51F9-D0A8-4E7D-81B9-D948C002AE85}"
EndProject
Project("{2150E333-8FDC-42A3-9474-1A3956D46DE8}") = "Third Party Libs", "Third Party Libs", "{14360FE8-C45B-4B96-8E6A-6E41590FB4EF}"
	ProjectSection(SolutionItems) = preProject
		Third Party Libs\Credits.txt = Third Party Libs\Credits.txt
	EndProjectSection
EndProject
Project("{FAE04EC0-301F-11D3-BF4B-00C04F79EFBC}") = "Save File Editor", "SaveFileEditor\Save File Editor.csproj", "{9B8C95C1-48C9-4D9A-90D6-55FCB5609107}"
EndProject
Project("{FAE04EC0-301F-11D3-BF4B-00C04F79EFBC}") = "ConsoleTests", "ConsoleTests\ConsoleTests.csproj", "{326CEC05-A490-4D69-AAD3-760716377891}"
EndProject
Project("{2150E333-8FDC-42A3-9474-1A3956D46DE8}") = "Newtonsoft.Json", "Newtonsoft.Json", "{AE88583A-452C-4A99-8081-01DE09BE3D9E}"
	ProjectSection(SolutionItems) = preProject
		Third Party Libs\Newtonsoft.Json\Newtonsoft.Json.dll = Third Party Libs\Newtonsoft.Json\Newtonsoft.Json.dll
		Third Party Libs\Newtonsoft.Json\Newtonsoft.Json.pdb = Third Party Libs\Newtonsoft.Json\Newtonsoft.Json.pdb
		Third Party Libs\Newtonsoft.Json\Newtonsoft.Json.xml = Third Party Libs\Newtonsoft.Json\Newtonsoft.Json.xml
	EndProjectSection
EndProject
Project("{2150E333-8FDC-42A3-9474-1A3956D46DE8}") = "OxyPlot", "OxyPlot", "{751AC38C-E62E-4ADC-9676-4AE6C4B3B097}"
	ProjectSection(SolutionItems) = preProject
		Third Party Libs\OxyPlot\OxyPlot.dll = Third Party Libs\OxyPlot\OxyPlot.dll
		Third Party Libs\OxyPlot\OxyPlot.pdb = Third Party Libs\OxyPlot\OxyPlot.pdb
		Third Party Libs\OxyPlot\OxyPlot.Wpf.dll = Third Party Libs\OxyPlot\OxyPlot.Wpf.dll
		Third Party Libs\OxyPlot\OxyPlot.Wpf.pdb = Third Party Libs\OxyPlot\OxyPlot.Wpf.pdb
	EndProjectSection
EndProject
Global
	GlobalSection(SolutionConfigurationPlatforms) = preSolution
		Debug|Any CPU = Debug|Any CPU
		Release|Any CPU = Release|Any CPU
	EndGlobalSection
	GlobalSection(ProjectConfigurationPlatforms) = postSolution
		{C2EFCEE0-984E-4C61-B323-65AADD76F783}.Debug|Any CPU.ActiveCfg = Debug|Any CPU
		{C2EFCEE0-984E-4C61-B323-65AADD76F783}.Debug|Any CPU.Build.0 = Debug|Any CPU
		{C2EFCEE0-984E-4C61-B323-65AADD76F783}.Release|Any CPU.ActiveCfg = Release|Any CPU
		{C2EFCEE0-984E-4C61-B323-65AADD76F783}.Release|Any CPU.Build.0 = Release|Any CPU
		{6EBCF9CD-C6A9-4535-9154-2FC7E303BFC4}.Debug|Any CPU.ActiveCfg = Debug|Any CPU
		{6EBCF9CD-C6A9-4535-9154-2FC7E303BFC4}.Debug|Any CPU.Build.0 = Debug|Any CPU
		{6EBCF9CD-C6A9-4535-9154-2FC7E303BFC4}.Release|Any CPU.ActiveCfg = Release|Any CPU
		{6EBCF9CD-C6A9-4535-9154-2FC7E303BFC4}.Release|Any CPU.Build.0 = Release|Any CPU
		{2FBA6A60-9499-4C9E-8B43-ABB459A9C0B6}.Debug|Any CPU.ActiveCfg = Debug|Any CPU
		{2FBA6A60-9499-4C9E-8B43-ABB459A9C0B6}.Debug|Any CPU.Build.0 = Debug|Any CPU
		{2FBA6A60-9499-4C9E-8B43-ABB459A9C0B6}.Release|Any CPU.ActiveCfg = Release|Any CPU
		{2FBA6A60-9499-4C9E-8B43-ABB459A9C0B6}.Release|Any CPU.Build.0 = Release|Any CPU
		{D364AA4C-54CE-4BD3-AD4D-8790DEB58D2F}.Debug|Any CPU.ActiveCfg = Debug|Any CPU
		{D364AA4C-54CE-4BD3-AD4D-8790DEB58D2F}.Debug|Any CPU.Build.0 = Debug|Any CPU
		{D364AA4C-54CE-4BD3-AD4D-8790DEB58D2F}.Release|Any CPU.ActiveCfg = Release|Any CPU
		{D364AA4C-54CE-4BD3-AD4D-8790DEB58D2F}.Release|Any CPU.Build.0 = Release|Any CPU
		{9909381C-3C93-4A70-9932-36E3FFA3708B}.Debug|Any CPU.ActiveCfg = Debug|Any CPU
		{9909381C-3C93-4A70-9932-36E3FFA3708B}.Debug|Any CPU.Build.0 = Debug|Any CPU
		{9909381C-3C93-4A70-9932-36E3FFA3708B}.Release|Any CPU.ActiveCfg = Release|Any CPU
		{9909381C-3C93-4A70-9932-36E3FFA3708B}.Release|Any CPU.Build.0 = Release|Any CPU
		{061896D5-B674-4FE8-9970-542A108CA392}.Debug|Any CPU.ActiveCfg = Debug|Any CPU
		{061896D5-B674-4FE8-9970-542A108CA392}.Debug|Any CPU.Build.0 = Debug|Any CPU
		{061896D5-B674-4FE8-9970-542A108CA392}.Release|Any CPU.ActiveCfg = Release|Any CPU
		{061896D5-B674-4FE8-9970-542A108CA392}.Release|Any CPU.Build.0 = Release|Any CPU
		{27E6D686-6A07-4540-80C5-3608E3C44488}.Debug|Any CPU.ActiveCfg = Debug|Any CPU
		{27E6D686-6A07-4540-80C5-3608E3C44488}.Debug|Any CPU.Build.0 = Debug|Any CPU
		{27E6D686-6A07-4540-80C5-3608E3C44488}.Release|Any CPU.ActiveCfg = Release|Any CPU
		{27E6D686-6A07-4540-80C5-3608E3C44488}.Release|Any CPU.Build.0 = Release|Any CPU
		{9E04D3E8-9832-4B4D-98FF-52583C0365AC}.Debug|Any CPU.ActiveCfg = Debug|Any CPU
		{9E04D3E8-9832-4B4D-98FF-52583C0365AC}.Debug|Any CPU.Build.0 = Debug|Any CPU
		{9E04D3E8-9832-4B4D-98FF-52583C0365AC}.Release|Any CPU.ActiveCfg = Release|Any CPU
		{9E04D3E8-9832-4B4D-98FF-52583C0365AC}.Release|Any CPU.Build.0 = Release|Any CPU
		{165E3BF3-6BBC-4B78-98E4-21DEDDE2D426}.Debug|Any CPU.ActiveCfg = Debug|Any CPU
		{165E3BF3-6BBC-4B78-98E4-21DEDDE2D426}.Debug|Any CPU.Build.0 = Debug|Any CPU
		{165E3BF3-6BBC-4B78-98E4-21DEDDE2D426}.Release|Any CPU.ActiveCfg = Release|Any CPU
		{165E3BF3-6BBC-4B78-98E4-21DEDDE2D426}.Release|Any CPU.Build.0 = Release|Any CPU
		{B7C81F7F-BFF5-46C8-9196-F7D6D2209CC8}.Debug|Any CPU.ActiveCfg = Debug|Any CPU
		{B7C81F7F-BFF5-46C8-9196-F7D6D2209CC8}.Debug|Any CPU.Build.0 = Debug|Any CPU
		{B7C81F7F-BFF5-46C8-9196-F7D6D2209CC8}.Release|Any CPU.ActiveCfg = Release|Any CPU
		{B7C81F7F-BFF5-46C8-9196-F7D6D2209CC8}.Release|Any CPU.Build.0 = Release|Any CPU
		{33BA51F9-D0A8-4E7D-81B9-D948C002AE85}.Debug|Any CPU.ActiveCfg = Debug|Any CPU
		{33BA51F9-D0A8-4E7D-81B9-D948C002AE85}.Debug|Any CPU.Build.0 = Debug|Any CPU
		{33BA51F9-D0A8-4E7D-81B9-D948C002AE85}.Release|Any CPU.ActiveCfg = Release|Any CPU
		{33BA51F9-D0A8-4E7D-81B9-D948C002AE85}.Release|Any CPU.Build.0 = Release|Any CPU
		{9B8C95C1-48C9-4D9A-90D6-55FCB5609107}.Debug|Any CPU.ActiveCfg = Debug|Any CPU
		{9B8C95C1-48C9-4D9A-90D6-55FCB5609107}.Debug|Any CPU.Build.0 = Debug|Any CPU
		{9B8C95C1-48C9-4D9A-90D6-55FCB5609107}.Release|Any CPU.ActiveCfg = Release|Any CPU
		{9B8C95C1-48C9-4D9A-90D6-55FCB5609107}.Release|Any CPU.Build.0 = Release|Any CPU
		{326CEC05-A490-4D69-AAD3-760716377891}.Debug|Any CPU.ActiveCfg = Debug|Any CPU
		{326CEC05-A490-4D69-AAD3-760716377891}.Debug|Any CPU.Build.0 = Debug|Any CPU
		{326CEC05-A490-4D69-AAD3-760716377891}.Release|Any CPU.ActiveCfg = Release|Any CPU
		{326CEC05-A490-4D69-AAD3-760716377891}.Release|Any CPU.Build.0 = Release|Any CPU
	EndGlobalSection
	GlobalSection(SolutionProperties) = preSolution
		HideSolutionNode = FALSE
	EndGlobalSection
	GlobalSection(NestedProjects) = preSolution
		{AE88583A-452C-4A99-8081-01DE09BE3D9E} = {14360FE8-C45B-4B96-8E6A-6E41590FB4EF}
		{751AC38C-E62E-4ADC-9676-4AE6C4B3B097} = {14360FE8-C45B-4B96-8E6A-6E41590FB4EF}
	EndGlobalSection
EndGlobal
